
Microsoft Visual Studio Solution File, Format Version 12.00
# Visual Studio Version 17
VisualStudioVersion = 17.11.35312.102
MinimumVisualStudioVersion = 10.0.40219.1
Project("{9A19103F-16F7-4668-BE54-9A1E7A4F7556}") = "CodeForcesCSharp", "CodeForcesCSharp.csproj", "{94F2ED2D-8520-4F21-9B84-F599DB23D449}"
EndProject
Project("{9A19103F-16F7-4668-BE54-9A1E7A4F7556}") = "59A-Word", "..\59A-Word\59A-Word.csproj", "{20F2CB04-B024-465F-AEEC-59CE8C2742E5}"
EndProject
Project("{9A19103F-16F7-4668-BE54-9A1E7A4F7556}") = "StonesOnTheTable", "..\StonesOnTheTable\StonesOnTheTable.csproj", "{ACBA95D3-D27B-4EFE-8A43-72B4D548FA08}"
EndProject
Project("{9A19103F-16F7-4668-BE54-9A1E7A4F7556}") = "BeautifulMatrix", "..\BeautifulMatrix\BeautifulMatrix.csproj", "{375B1A10-5547-42AC-B901-689FE00E72F0}"
EndProject
Global
	GlobalSection(SolutionConfigurationPlatforms) = preSolution
		Debug|Any CPU = Debug|Any CPU
		Release|Any CPU = Release|Any CPU
	EndGlobalSection
	GlobalSection(ProjectConfigurationPlatforms) = postSolution
		{94F2ED2D-8520-4F21-9B84-F599DB23D449}.Debug|Any CPU.ActiveCfg = Debug|Any CPU
		{94F2ED2D-8520-4F21-9B84-F599DB23D449}.Debug|Any CPU.Build.0 = Debug|Any CPU
		{94F2ED2D-8520-4F21-9B84-F599DB23D449}.Release|Any CPU.ActiveCfg = Release|Any CPU
		{94F2ED2D-8520-4F21-9B84-F599DB23D449}.Release|Any CPU.Build.0 = Release|Any CPU
		{20F2CB04-B024-465F-AEEC-59CE8C2742E5}.Debug|Any CPU.ActiveCfg = Debug|Any CPU
		{20F2CB04-B024-465F-AEEC-59CE8C2742E5}.Debug|Any CPU.Build.0 = Debug|Any CPU
		{20F2CB04-B024-465F-AEEC-59CE8C2742E5}.Release|Any CPU.ActiveCfg = Release|Any CPU
		{20F2CB04-B024-465F-AEEC-59CE8C2742E5}.Release|Any CPU.Build.0 = Release|Any CPU
		{ACBA95D3-D27B-4EFE-8A43-72B4D548FA08}.Debug|Any CPU.ActiveCfg = Debug|Any CPU
		{ACBA95D3-D27B-4EFE-8A43-72B4D548FA08}.Debug|Any CPU.Build.0 = Debug|Any CPU
		{ACBA95D3-D27B-4EFE-8A43-72B4D548FA08}.Release|Any CPU.ActiveCfg = Release|Any CPU
		{ACBA95D3-D27B-4EFE-8A43-72B4D548FA08}.Release|Any CPU.Build.0 = Release|Any CPU
		{375B1A10-5547-42AC-B901-689FE00E72F0}.Debug|Any CPU.ActiveCfg = Debug|Any CPU
		{375B1A10-5547-42AC-B901-689FE00E72F0}.Debug|Any CPU.Build.0 = Debug|Any CPU
		{375B1A10-5547-42AC-B901-689FE00E72F0}.Release|Any CPU.ActiveCfg = Release|Any CPU
		{375B1A10-5547-42AC-B901-689FE00E72F0}.Release|Any CPU.Build.0 = Release|Any CPU
	EndGlobalSection
	GlobalSection(SolutionProperties) = preSolution
		HideSolutionNode = FALSE
	EndGlobalSection
	GlobalSection(ExtensibilityGlobals) = postSolution
		SolutionGuid = {6BCD13AD-ACA8-44F2-BFB9-35D3944A7D06}
	EndGlobalSection
EndGlobal
